
Microsoft Visual Studio Solution File, Format Version 12.00
# Visual Studio Version 16
VisualStudioVersion = 16.0.31729.503
MinimumVisualStudioVersion = 10.0.40219.1
Project("{FAE04EC0-301F-11D3-BF4B-00C04F79EFBC}") = "CrudOperationsApp", "CrudOperationsApp\CrudOperationsApp.csproj", "{A782E672-5063-4C53-ADBF-37F58A69305C}"
EndProject
Global
	GlobalSection(SolutionConfigurationPlatforms) = preSolution
		Debug|Any CPU = Debug|Any CPU
		Release|Any CPU = Release|Any CPU
	EndGlobalSection
	GlobalSection(ProjectConfigurationPlatforms) = postSolution
		{A782E672-5063-4C53-ADBF-37F58A69305C}.Debug|Any CPU.ActiveCfg = Debug|Any CPU
		{A782E672-5063-4C53-ADBF-37F58A69305C}.Debug|Any CPU.Build.0 = Debug|Any CPU
		{A782E672-5063-4C53-ADBF-37F58A69305C}.Release|Any CPU.ActiveCfg = Release|Any CPU
		{A782E672-5063-4C53-ADBF-37F58A69305C}.Release|Any CPU.Build.0 = Release|Any CPU
	EndGlobalSection
	GlobalSection(SolutionProperties) = preSolution
		HideSolutionNode = FALSE
	EndGlobalSection
	GlobalSection(ExtensibilityGlobals) = postSolution
		SolutionGuid = {C3A7BBC3-FBC2-4E01-ADA8-F26F86F5EF29}
	EndGlobalSection
EndGlobal
