
Microsoft Visual Studio Solution File, Format Version 12.00
# Visual Studio Version 16
VisualStudioVersion = 16.0.31729.503
MinimumVisualStudioVersion = 10.0.40219.1
Project("{FAE04EC0-301F-11D3-BF4B-00C04F79EFBC}") = "ExceptionGenrationApp", "ExceptionGenrationApp\ExceptionGenrationApp.csproj", "{E3354317-665C-4047-BB6F-B7B6B4558B9A}"
EndProject
Global
	GlobalSection(SolutionConfigurationPlatforms) = preSolution
		Debug|Any CPU = Debug|Any CPU
		Release|Any CPU = Release|Any CPU
	EndGlobalSection
	GlobalSection(ProjectConfigurationPlatforms) = postSolution
		{E3354317-665C-4047-BB6F-B7B6B4558B9A}.Debug|Any CPU.ActiveCfg = Debug|Any CPU
		{E3354317-665C-4047-BB6F-B7B6B4558B9A}.Debug|Any CPU.Build.0 = Debug|Any CPU
		{E3354317-665C-4047-BB6F-B7B6B4558B9A}.Release|Any CPU.ActiveCfg = Release|Any CPU
		{E3354317-665C-4047-BB6F-B7B6B4558B9A}.Release|Any CPU.Build.0 = Release|Any CPU
	EndGlobalSection
	GlobalSection(SolutionProperties) = preSolution
		HideSolutionNode = FALSE
	EndGlobalSection
	GlobalSection(ExtensibilityGlobals) = postSolution
		SolutionGuid = {B8BD2505-180D-4A32-AB18-135C5ECC2A0C}
	EndGlobalSection
EndGlobal
