
Microsoft Visual Studio Solution File, Format Version 12.00
# Visual Studio Version 16
VisualStudioVersion = 16.0.31729.503
MinimumVisualStudioVersion = 10.0.40219.1
Project("{FAE04EC0-301F-11D3-BF4B-00C04F79EFBC}") = "SimpleDelegateApp", "SimpleDelegateApp\SimpleDelegateApp.csproj", "{0148326E-C462-4ACA-97F0-2CC7DE537D6C}"
EndProject
Global
	GlobalSection(SolutionConfigurationPlatforms) = preSolution
		Debug|Any CPU = Debug|Any CPU
		Release|Any CPU = Release|Any CPU
	EndGlobalSection
	GlobalSection(ProjectConfigurationPlatforms) = postSolution
		{0148326E-C462-4ACA-97F0-2CC7DE537D6C}.Debug|Any CPU.ActiveCfg = Debug|Any CPU
		{0148326E-C462-4ACA-97F0-2CC7DE537D6C}.Debug|Any CPU.Build.0 = Debug|Any CPU
		{0148326E-C462-4ACA-97F0-2CC7DE537D6C}.Release|Any CPU.ActiveCfg = Release|Any CPU
		{0148326E-C462-4ACA-97F0-2CC7DE537D6C}.Release|Any CPU.Build.0 = Release|Any CPU
	EndGlobalSection
	GlobalSection(SolutionProperties) = preSolution
		HideSolutionNode = FALSE
	EndGlobalSection
	GlobalSection(ExtensibilityGlobals) = postSolution
		SolutionGuid = {38BCA0CC-367E-451D-98D2-706FAC482FD6}
	EndGlobalSection
EndGlobal
