
Microsoft Visual Studio Solution File, Format Version 12.00
# Visual Studio Version 16
VisualStudioVersion = 16.0.31729.503
MinimumVisualStudioVersion = 10.0.40219.1
Project("{FAE04EC0-301F-11D3-BF4B-00C04F79EFBC}") = "CrudableApp", "CrudableApp\CrudableApp.csproj", "{E39C4D79-615B-442E-B94E-9567C1AD48B9}"
EndProject
Global
	GlobalSection(SolutionConfigurationPlatforms) = preSolution
		Debug|Any CPU = Debug|Any CPU
		Release|Any CPU = Release|Any CPU
	EndGlobalSection
	GlobalSection(ProjectConfigurationPlatforms) = postSolution
		{E39C4D79-615B-442E-B94E-9567C1AD48B9}.Debug|Any CPU.ActiveCfg = Debug|Any CPU
		{E39C4D79-615B-442E-B94E-9567C1AD48B9}.Debug|Any CPU.Build.0 = Debug|Any CPU
		{E39C4D79-615B-442E-B94E-9567C1AD48B9}.Release|Any CPU.ActiveCfg = Release|Any CPU
		{E39C4D79-615B-442E-B94E-9567C1AD48B9}.Release|Any CPU.Build.0 = Release|Any CPU
	EndGlobalSection
	GlobalSection(SolutionProperties) = preSolution
		HideSolutionNode = FALSE
	EndGlobalSection
	GlobalSection(ExtensibilityGlobals) = postSolution
		SolutionGuid = {39BE5171-70E7-4A11-B14E-BF703C3C2408}
	EndGlobalSection
EndGlobal
