
Microsoft Visual Studio Solution File, Format Version 12.00
# Visual Studio Version 16
VisualStudioVersion = 16.0.31729.503
MinimumVisualStudioVersion = 10.0.40219.1
Project("{FAE04EC0-301F-11D3-BF4B-00C04F79EFBC}") = "InventaryGuitarApp", "InventaryGuitarApp\InventaryGuitarApp.csproj", "{049F46AB-3CFA-4E95-B0DC-51F4C56A127E}"
EndProject
Global
	GlobalSection(SolutionConfigurationPlatforms) = preSolution
		Debug|Any CPU = Debug|Any CPU
		Release|Any CPU = Release|Any CPU
	EndGlobalSection
	GlobalSection(ProjectConfigurationPlatforms) = postSolution
		{049F46AB-3CFA-4E95-B0DC-51F4C56A127E}.Debug|Any CPU.ActiveCfg = Debug|Any CPU
		{049F46AB-3CFA-4E95-B0DC-51F4C56A127E}.Debug|Any CPU.Build.0 = Debug|Any CPU
		{049F46AB-3CFA-4E95-B0DC-51F4C56A127E}.Release|Any CPU.ActiveCfg = Release|Any CPU
		{049F46AB-3CFA-4E95-B0DC-51F4C56A127E}.Release|Any CPU.Build.0 = Release|Any CPU
	EndGlobalSection
	GlobalSection(SolutionProperties) = preSolution
		HideSolutionNode = FALSE
	EndGlobalSection
	GlobalSection(ExtensibilityGlobals) = postSolution
		SolutionGuid = {F8B0094B-3422-4669-AA28-50B0C374691D}
	EndGlobalSection
EndGlobal
