
Microsoft Visual Studio Solution File, Format Version 12.00
# Visual Studio Version 16
VisualStudioVersion = 16.0.31729.503
MinimumVisualStudioVersion = 10.0.40219.1
Project("{FAE04EC0-301F-11D3-BF4B-00C04F79EFBC}") = "PublisherLib", "PublisherLib\PublisherLib.csproj", "{6FD856D9-0239-4FD9-897B-B73E84E9ED23}"
EndProject
Project("{FAE04EC0-301F-11D3-BF4B-00C04F79EFBC}") = "SubscriberClient", "SubscriberClient\SubscriberClient.csproj", "{B9DA1943-F9B0-4560-AF62-D90AFFBEC3A0}"
EndProject
Global
	GlobalSection(SolutionConfigurationPlatforms) = preSolution
		Debug|Any CPU = Debug|Any CPU
		Release|Any CPU = Release|Any CPU
	EndGlobalSection
	GlobalSection(ProjectConfigurationPlatforms) = postSolution
		{6FD856D9-0239-4FD9-897B-B73E84E9ED23}.Debug|Any CPU.ActiveCfg = Debug|Any CPU
		{6FD856D9-0239-4FD9-897B-B73E84E9ED23}.Debug|Any CPU.Build.0 = Debug|Any CPU
		{6FD856D9-0239-4FD9-897B-B73E84E9ED23}.Release|Any CPU.ActiveCfg = Release|Any CPU
		{6FD856D9-0239-4FD9-897B-B73E84E9ED23}.Release|Any CPU.Build.0 = Release|Any CPU
		{B9DA1943-F9B0-4560-AF62-D90AFFBEC3A0}.Debug|Any CPU.ActiveCfg = Debug|Any CPU
		{B9DA1943-F9B0-4560-AF62-D90AFFBEC3A0}.Debug|Any CPU.Build.0 = Debug|Any CPU
		{B9DA1943-F9B0-4560-AF62-D90AFFBEC3A0}.Release|Any CPU.ActiveCfg = Release|Any CPU
		{B9DA1943-F9B0-4560-AF62-D90AFFBEC3A0}.Release|Any CPU.Build.0 = Release|Any CPU
	EndGlobalSection
	GlobalSection(SolutionProperties) = preSolution
		HideSolutionNode = FALSE
	EndGlobalSection
	GlobalSection(ExtensibilityGlobals) = postSolution
		SolutionGuid = {3FF12D79-4FA9-4005-8670-0ADA8082FD98}
	EndGlobalSection
EndGlobal
