
Microsoft Visual Studio Solution File, Format Version 12.00
# Visual Studio Version 16
VisualStudioVersion = 16.0.31702.278
MinimumVisualStudioVersion = 10.0.40219.1
Project("{FAE04EC0-301F-11D3-BF4B-00C04F79EFBC}") = "hello world", "hello world\hello world.csproj", "{719E04EC-6041-4213-8348-D09F09E97711}"
EndProject
Global
	GlobalSection(SolutionConfigurationPlatforms) = preSolution
		Debug|Any CPU = Debug|Any CPU
		Release|Any CPU = Release|Any CPU
	EndGlobalSection
	GlobalSection(ProjectConfigurationPlatforms) = postSolution
		{719E04EC-6041-4213-8348-D09F09E97711}.Debug|Any CPU.ActiveCfg = Debug|Any CPU
		{719E04EC-6041-4213-8348-D09F09E97711}.Debug|Any CPU.Build.0 = Debug|Any CPU
		{719E04EC-6041-4213-8348-D09F09E97711}.Release|Any CPU.ActiveCfg = Release|Any CPU
		{719E04EC-6041-4213-8348-D09F09E97711}.Release|Any CPU.Build.0 = Release|Any CPU
	EndGlobalSection
	GlobalSection(SolutionProperties) = preSolution
		HideSolutionNode = FALSE
	EndGlobalSection
	GlobalSection(ExtensibilityGlobals) = postSolution
		SolutionGuid = {D14C1CDB-8785-4475-9E07-7874FDA72B1B}
	EndGlobalSection
EndGlobal
