
Microsoft Visual Studio Solution File, Format Version 12.00
# Visual Studio Version 16
VisualStudioVersion = 16.0.31729.503
MinimumVisualStudioVersion = 10.0.40219.1
Project("{FAE04EC0-301F-11D3-BF4B-00C04F79EFBC}") = "AccountEventLib", "AccountEventLib\AccountEventLib.csproj", "{47285A30-B0D3-40D3-9E4C-1B770B15AEA8}"
EndProject
Project("{FAE04EC0-301F-11D3-BF4B-00C04F79EFBC}") = "AccountEventHandler", "AccountEventHandler\AccountEventHandler.csproj", "{3FD43E70-9495-484F-9710-1D9894CA9F46}"
EndProject
Global
	GlobalSection(SolutionConfigurationPlatforms) = preSolution
		Debug|Any CPU = Debug|Any CPU
		Release|Any CPU = Release|Any CPU
	EndGlobalSection
	GlobalSection(ProjectConfigurationPlatforms) = postSolution
		{47285A30-B0D3-40D3-9E4C-1B770B15AEA8}.Debug|Any CPU.ActiveCfg = Debug|Any CPU
		{47285A30-B0D3-40D3-9E4C-1B770B15AEA8}.Debug|Any CPU.Build.0 = Debug|Any CPU
		{47285A30-B0D3-40D3-9E4C-1B770B15AEA8}.Release|Any CPU.ActiveCfg = Release|Any CPU
		{47285A30-B0D3-40D3-9E4C-1B770B15AEA8}.Release|Any CPU.Build.0 = Release|Any CPU
		{3FD43E70-9495-484F-9710-1D9894CA9F46}.Debug|Any CPU.ActiveCfg = Debug|Any CPU
		{3FD43E70-9495-484F-9710-1D9894CA9F46}.Debug|Any CPU.Build.0 = Debug|Any CPU
		{3FD43E70-9495-484F-9710-1D9894CA9F46}.Release|Any CPU.ActiveCfg = Release|Any CPU
		{3FD43E70-9495-484F-9710-1D9894CA9F46}.Release|Any CPU.Build.0 = Release|Any CPU
	EndGlobalSection
	GlobalSection(SolutionProperties) = preSolution
		HideSolutionNode = FALSE
	EndGlobalSection
	GlobalSection(ExtensibilityGlobals) = postSolution
		SolutionGuid = {D16B6340-8E06-4F8D-901A-88DF5B4D384F}
	EndGlobalSection
EndGlobal
