
Microsoft Visual Studio Solution File, Format Version 12.00
# Visual Studio Version 16
VisualStudioVersion = 16.0.31702.278
MinimumVisualStudioVersion = 10.0.40219.1
Project("{FAE04EC0-301F-11D3-BF4B-00C04F79EFBC}") = "RectangleAbstractionApp", "RectangleAbstractionApp\RectangleAbstractionApp.csproj", "{F598834A-A3FE-4ABC-BD06-D413B721458E}"
EndProject
Global
	GlobalSection(SolutionConfigurationPlatforms) = preSolution
		Debug|Any CPU = Debug|Any CPU
		Release|Any CPU = Release|Any CPU
	EndGlobalSection
	GlobalSection(ProjectConfigurationPlatforms) = postSolution
		{F598834A-A3FE-4ABC-BD06-D413B721458E}.Debug|Any CPU.ActiveCfg = Debug|Any CPU
		{F598834A-A3FE-4ABC-BD06-D413B721458E}.Debug|Any CPU.Build.0 = Debug|Any CPU
		{F598834A-A3FE-4ABC-BD06-D413B721458E}.Release|Any CPU.ActiveCfg = Release|Any CPU
		{F598834A-A3FE-4ABC-BD06-D413B721458E}.Release|Any CPU.Build.0 = Release|Any CPU
	EndGlobalSection
	GlobalSection(SolutionProperties) = preSolution
		HideSolutionNode = FALSE
	EndGlobalSection
	GlobalSection(ExtensibilityGlobals) = postSolution
		SolutionGuid = {55F8C22A-53A7-4DD5-9441-EF5DB5EE4AAB}
	EndGlobalSection
EndGlobal
